// !$*UTF8*$!
{
	archiveVersion = 1;
	classes = {
	};
	objectVersion = 56;
	objects = {

/* Begin PBXBuildFile section */
		134DC04629E7D9A0004A2FEC /* ScreenAppearanceTrackingView.swift in Sources */ = {isa = PBXBuildFile; fileRef = 134DC04529E7D9A0004A2FEC /* ScreenAppearanceTrackingView.swift */; };
		1364BB62298128ED00B651DF /* AppDelegate.swift in Sources */ = {isa = PBXBuildFile; fileRef = 1364BB61298128ED00B651DF /* AppDelegate.swift */; };
		1364BB66298128ED00B651DF /* ViewController.swift in Sources */ = {isa = PBXBuildFile; fileRef = 1364BB65298128ED00B651DF /* ViewController.swift */; };
		1364BB6B298128EF00B651DF /* Assets.xcassets in Resources */ = {isa = PBXBuildFile; fileRef = 1364BB6A298128EF00B651DF /* Assets.xcassets */; };
		1364BB6E298128EF00B651DF /* LaunchScreen.storyboard in Resources */ = {isa = PBXBuildFile; fileRef = 1364BB6C298128EF00B651DF /* LaunchScreen.storyboard */; };
		13DD312E2981890B00916A6E /* ViewWithScroll.swift in Sources */ = {isa = PBXBuildFile; fileRef = 13DD312D2981890B00916A6E /* ViewWithScroll.swift */; };
		13DD313029819C5400916A6E /* InspectableView.swift in Sources */ = {isa = PBXBuildFile; fileRef = 13DD312F29819C5400916A6E /* InspectableView.swift */; };
/* End PBXBuildFile section */

/* Begin PBXFileReference section */
		134DC04529E7D9A0004A2FEC /* ScreenAppearanceTrackingView.swift */ = {isa = PBXFileReference; lastKnownFileType = sourcecode.swift; path = ScreenAppearanceTrackingView.swift; sourceTree = "<group>"; };
		1364BB5E298128ED00B651DF /* IsVisible.app */ = {isa = PBXFileReference; explicitFileType = wrapper.application; includeInIndex = 0; path = IsVisible.app; sourceTree = BUILT_PRODUCTS_DIR; };
		1364BB61298128ED00B651DF /* AppDelegate.swift */ = {isa = PBXFileReference; lastKnownFileType = sourcecode.swift; path = AppDelegate.swift; sourceTree = "<group>"; };
		1364BB65298128ED00B651DF /* ViewController.swift */ = {isa = PBXFileReference; lastKnownFileType = sourcecode.swift; path = ViewController.swift; sourceTree = "<group>"; };
		1364BB6A298128EF00B651DF /* Assets.xcassets */ = {isa = PBXFileReference; lastKnownFileType = folder.assetcatalog; path = Assets.xcassets; sourceTree = "<group>"; };
		1364BB6D298128EF00B651DF /* Base */ = {isa = PBXFileReference; lastKnownFileType = file.storyboard; name = Base; path = Base.lproj/LaunchScreen.storyboard; sourceTree = "<group>"; };
		1364BB6F298128EF00B651DF /* Info.plist */ = {isa = PBXFileReference; lastKnownFileType = text.plist.xml; path = Info.plist; sourceTree = "<group>"; };
		13DD312D2981890B00916A6E /* ViewWithScroll.swift */ = {isa = PBXFileReference; lastKnownFileType = sourcecode.swift; path = ViewWithScroll.swift; sourceTree = "<group>"; };
		13DD312F29819C5400916A6E /* InspectableView.swift */ = {isa = PBXFileReference; lastKnownFileType = sourcecode.swift; path = InspectableView.swift; sourceTree = "<group>"; };
/* End PBXFileReference section */

/* Begin PBXFrameworksBuildPhase section */
		1364BB5B298128ED00B651DF /* Frameworks */ = {
			isa = PBXFrameworksBuildPhase;
			buildActionMask = 2147483647;
			files = (
			);
			runOnlyForDeploymentPostprocessing = 0;
		};
/* End PBXFrameworksBuildPhase section */

/* Begin PBXGroup section */
		1364BB55298128ED00B651DF = {
			isa = PBXGroup;
			children = (
				1364BB60298128ED00B651DF /* IsVisible */,
				1364BB5F298128ED00B651DF /* Products */,
			);
			sourceTree = "<group>";
		};
		1364BB5F298128ED00B651DF /* Products */ = {
			isa = PBXGroup;
			children = (
				1364BB5E298128ED00B651DF /* IsVisible.app */,
			);
			name = Products;
			sourceTree = "<group>";
		};
		1364BB60298128ED00B651DF /* IsVisible */ = {
			isa = PBXGroup;
			children = (
				1364BB61298128ED00B651DF /* AppDelegate.swift */,
				1364BB65298128ED00B651DF /* ViewController.swift */,
				13DD312D2981890B00916A6E /* ViewWithScroll.swift */,
				13DD312F29819C5400916A6E /* InspectableView.swift */,
				134DC04529E7D9A0004A2FEC /* ScreenAppearanceTrackingView.swift */,
				1364BB6A298128EF00B651DF /* Assets.xcassets */,
				1364BB6C298128EF00B651DF /* LaunchScreen.storyboard */,
				1364BB6F298128EF00B651DF /* Info.plist */,
			);
			path = IsVisible;
			sourceTree = "<group>";
		};
/* End PBXGroup section */

/* Begin PBXNativeTarget section */
		1364BB5D298128ED00B651DF /* IsVisible */ = {
			isa = PBXNativeTarget;
			buildConfigurationList = 1364BB72298128EF00B651DF /* Build configuration list for PBXNativeTarget "IsVisible" */;
			buildPhases = (
				1364BB5A298128ED00B651DF /* Sources */,
				1364BB5B298128ED00B651DF /* Frameworks */,
				1364BB5C298128ED00B651DF /* Resources */,
			);
			buildRules = (
			);
			dependencies = (
			);
			name = IsVisible;
			productName = IsVisible;
			productReference = 1364BB5E298128ED00B651DF /* IsVisible.app */;
			productType = "com.apple.product-type.application";
		};
/* End PBXNativeTarget section */

/* Begin PBXProject section */
		1364BB56298128ED00B651DF /* Project object */ = {
			isa = PBXProject;
			attributes = {
				BuildIndependentTargetsInParallel = 1;
				LastSwiftUpdateCheck = 1410;
				LastUpgradeCheck = 1410;
				TargetAttributes = {
					1364BB5D298128ED00B651DF = {
						CreatedOnToolsVersion = 14.1;
					};
				};
			};
			buildConfigurationList = 1364BB59298128ED00B651DF /* Build configuration list for PBXProject "IsVisible" */;
			compatibilityVersion = "Xcode 14.0";
			developmentRegion = en;
			hasScannedForEncodings = 0;
			knownRegions = (
				en,
				Base,
			);
			mainGroup = 1364BB55298128ED00B651DF;
			productRefGroup = 1364BB5F298128ED00B651DF /* Products */;
			projectDirPath = "";
			projectRoot = "";
			targets = (
				1364BB5D298128ED00B651DF /* IsVisible */,
			);
		};
/* End PBXProject section */

/* Begin PBXResourcesBuildPhase section */
		1364BB5C298128ED00B651DF /* Resources */ = {
			isa = PBXResourcesBuildPhase;
			buildActionMask = 2147483647;
			files = (
				1364BB6E298128EF00B651DF /* LaunchScreen.storyboard in Resources */,
				1364BB6B298128EF00B651DF /* Assets.xcassets in Resources */,
			);
			runOnlyForDeploymentPostprocessing = 0;
		};
/* End PBXResourcesBuildPhase section */

/* Begin PBXSourcesBuildPhase section */
		1364BB5A298128ED00B651DF /* Sources */ = {
			isa = PBXSourcesBuildPhase;
			buildActionMask = 2147483647;
			files = (
				134DC04629E7D9A0004A2FEC /* ScreenAppearanceTrackingView.swift in Sources */,
				1364BB66298128ED00B651DF /* ViewController.swift in Sources */,
				13DD313029819C5400916A6E /* InspectableView.swift in Sources */,
				13DD312E2981890B00916A6E /* ViewWithScroll.swift in Sources */,
				1364BB62298128ED00B651DF /* AppDelegate.swift in Sources */,
			);
			runOnlyForDeploymentPostprocessing = 0;
		};
/* End PBXSourcesBuildPhase section */

/* Begin PBXVariantGroup section */
		1364BB6C298128EF00B651DF /* LaunchScreen.storyboard */ = {
			isa = PBXVariantGroup;
			children = (
				1364BB6D298128EF00B651DF /* Base */,
			);
			name = LaunchScreen.storyboard;
			sourceTree = "<group>";
		};
/* End PBXVariantGroup section */

/* Begin XCBuildConfiguration section */
		1364BB70298128EF00B651DF /* Debug */ = {
			isa = XCBuildConfiguration;
			buildSettings = {
				ALWAYS_SEARCH_USER_PATHS = NO;
				CLANG_ANALYZER_NONNULL = YES;
				CLANG_ANALYZER_NUMBER_OBJECT_CONVERSION = YES_AGGRESSIVE;
				CLANG_CXX_LANGUAGE_STANDARD = "gnu++20";
				CLANG_ENABLE_MODULES = YES;
				CLANG_ENABLE_OBJC_ARC = YES;
				CLANG_ENABLE_OBJC_WEAK = YES;
				CLANG_WARN_BLOCK_CAPTURE_AUTORELEASING = YES;
				CLANG_WARN_BOOL_CONVERSION = YES;
				CLANG_WARN_COMMA = YES;
				CLANG_WARN_CONSTANT_CONVERSION = YES;
				CLANG_WARN_DEPRECATED_OBJC_IMPLEMENTATIONS = YES;
				CLANG_WARN_DIRECT_OBJC_ISA_USAGE = YES_ERROR;
				CLANG_WARN_DOCUMENTATION_COMMENTS = YES;
				CLANG_WARN_EMPTY_BODY = YES;
				CLANG_WARN_ENUM_CONVERSION = YES;
				CLANG_WARN_INFINITE_RECURSION = YES;
				CLANG_WARN_INT_CONVERSION = YES;
				CLANG_WARN_NON_LITERAL_NULL_CONVERSION = YES;
				CLANG_WARN_OBJC_IMPLICIT_RETAIN_SELF = YES;
				CLANG_WARN_OBJC_LITERAL_CONVERSION = YES;
				CLANG_WARN_OBJC_ROOT_CLASS = YES_ERROR;
				CLANG_WARN_QUOTED_INCLUDE_IN_FRAMEWORK_HEADER = YES;
				CLANG_WARN_RANGE_LOOP_ANALYSIS = YES;
				CLANG_WARN_STRICT_PROTOTYPES = YES;
				CLANG_WARN_SUSPICIOUS_MOVE = YES;
				CLANG_WARN_UNGUARDED_AVAILABILITY = YES_AGGRESSIVE;
				CLANG_WARN_UNREACHABLE_CODE = YES;
				CLANG_WARN__DUPLICATE_METHOD_MATCH = YES;
				COPY_PHASE_STRIP = NO;
				DEBUG_INFORMATION_FORMAT = dwarf;
				ENABLE_STRICT_OBJC_MSGSEND = YES;
				ENABLE_TESTABILITY = YES;
				GCC_C_LANGUAGE_STANDARD = gnu11;
				GCC_DYNAMIC_NO_PIC = NO;
				GCC_NO_COMMON_BLOCKS = YES;
				GCC_OPTIMIZATION_LEVEL = 0;
				GCC_PREPROCESSOR_DEFINITIONS = (
					"DEBUG=1",
					"$(inherited)",
				);
				GCC_WARN_64_TO_32_BIT_CONVERSION = YES;
				GCC_WARN_ABOUT_RETURN_TYPE = YES_ERROR;
				GCC_WARN_UNDECLARED_SELECTOR = YES;
				GCC_WARN_UNINITIALIZED_AUTOS = YES_AGGRESSIVE;
				GCC_WARN_UNUSED_FUNCTION = YES;
				GCC_WARN_UNUSED_VARIABLE = YES;
				IPHONEOS_DEPLOYMENT_TARGET = 16.1;
				MTL_ENABLE_DEBUG_INFO = INCLUDE_SOURCE;
				MTL_FAST_MATH = YES;
				ONLY_ACTIVE_ARCH = YES;
				SDKROOT = iphoneos;
				SWIFT_ACTIVE_COMPILATION_CONDITIONS = DEBUG;
				SWIFT_OPTIMIZATION_LEVEL = "-Onone";
			};
			name = Debug;
		};
		1364BB71298128EF00B651DF /* Release */ = {
			isa = XCBuildConfiguration;
			buildSettings = {
				ALWAYS_SEARCH_USER_PATHS = NO;
				CLANG_ANALYZER_NONNULL = YES;
				CLANG_ANALYZER_NUMBER_OBJECT_CONVERSION = YES_AGGRESSIVE;
				CLANG_CXX_LANGUAGE_STANDARD = "gnu++20";
				CLANG_ENABLE_MODULES = YES;
				CLANG_ENABLE_OBJC_ARC = YES;
				CLANG_ENABLE_OBJC_WEAK = YES;
				CLANG_WARN_BLOCK_CAPTURE_AUTORELEASING = YES;
				CLANG_WARN_BOOL_CONVERSION = YES;
				CLANG_WARN_COMMA = YES;
				CLANG_WARN_CONSTANT_CONVERSION = YES;
				CLANG_WARN_DEPRECATED_OBJC_IMPLEMENTATIONS = YES;
				CLANG_WARN_DIRECT_OBJC_ISA_USAGE = YES_ERROR;
				CLANG_WARN_DOCUMENTATION_COMMENTS = YES;
				CLANG_WARN_EMPTY_BODY = YES;
				CLANG_WARN_ENUM_CONVERSION = YES;
				CLANG_WARN_INFINITE_RECURSION = YES;
				CLANG_WARN_INT_CONVERSION = YES;
				CLANG_WARN_NON_LITERAL_NULL_CONVERSION = YES;
				CLANG_WARN_OBJC_IMPLICIT_RETAIN_SELF = YES;
				CLANG_WARN_OBJC_LITERAL_CONVERSION = YES;
				CLANG_WARN_OBJC_ROOT_CLASS = YES_ERROR;
				CLANG_WARN_QUOTED_INCLUDE_IN_FRAMEWORK_HEADER = YES;
				CLANG_WARN_RANGE_LOOP_ANALYSIS = YES;
				CLANG_WARN_STRICT_PROTOTYPES = YES;
				CLANG_WARN_SUSPICIOUS_MOVE = YES;
				CLANG_WARN_UNGUARDED_AVAILABILITY = YES_AGGRESSIVE;
				CLANG_WARN_UNREACHABLE_CODE = YES;
				CLANG_WARN__DUPLICATE_METHOD_MATCH = YES;
				COPY_PHASE_STRIP = NO;
				DEBUG_INFORMATION_FORMAT = "dwarf-with-dsym";
				ENABLE_NS_ASSERTIONS = NO;
				ENABLE_STRICT_OBJC_MSGSEND = YES;
				GCC_C_LANGUAGE_STANDARD = gnu11;
				GCC_NO_COMMON_BLOCKS = YES;
				GCC_WARN_64_TO_32_BIT_CONVERSION = YES;
				GCC_WARN_ABOUT_RETURN_TYPE = YES_ERROR;
				GCC_WARN_UNDECLARED_SELECTOR = YES;
				GCC_WARN_UNINITIALIZED_AUTOS = YES_AGGRESSIVE;
				GCC_WARN_UNUSED_FUNCTION = YES;
				GCC_WARN_UNUSED_VARIABLE = YES;
				IPHONEOS_DEPLOYMENT_TARGET = 16.1;
				MTL_ENABLE_DEBUG_INFO = NO;
				MTL_FAST_MATH = YES;
				SDKROOT = iphoneos;
				SWIFT_COMPILATION_MODE = wholemodule;
				SWIFT_OPTIMIZATION_LEVEL = "-O";
				VALIDATE_PRODUCT = YES;
			};
			name = Release;
		};
		1364BB73298128EF00B651DF /* Debug */ = {
			isa = XCBuildConfiguration;
			buildSettings = {
				ASSETCATALOG_COMPILER_APPICON_NAME = AppIcon;
				ASSETCATALOG_COMPILER_GLOBAL_ACCENT_COLOR_NAME = AccentColor;
				CODE_SIGN_STYLE = Automatic;
				CURRENT_PROJECT_VERSION = 1;
				DEVELOPMENT_TEAM = 367WY2VQ82;
				GENERATE_INFOPLIST_FILE = YES;
				INFOPLIST_FILE = IsVisible/Info.plist;
				INFOPLIST_KEY_UIApplicationSupportsIndirectInputEvents = YES;
				INFOPLIST_KEY_UILaunchStoryboardName = LaunchScreen;
				INFOPLIST_KEY_UISupportedInterfaceOrientations_iPad = "UIInterfaceOrientationPortrait UIInterfaceOrientationPortraitUpsideDown UIInterfaceOrientationLandscapeLeft UIInterfaceOrientationLandscapeRight";
				INFOPLIST_KEY_UISupportedInterfaceOrientations_iPhone = "UIInterfaceOrientationPortrait UIInterfaceOrientationLandscapeLeft UIInterfaceOrientationLandscapeRight";
				LD_RUNPATH_SEARCH_PATHS = (
					"$(inherited)",
					"@executable_path/Frameworks",
				);
				MARKETING_VERSION = 1.0;
				PRODUCT_BUNDLE_IDENTIFIER = pavellaukhin.IsVisible;
				PRODUCT_NAME = "$(TARGET_NAME)";
				SWIFT_EMIT_LOC_STRINGS = YES;
				SWIFT_VERSION = 5.0;
				TARGETED_DEVICE_FAMILY = "1,2";
			};
			name = Debug;
		};
		1364BB74298128EF00B651DF /* Release */ = {
			isa = XCBuildConfiguration;
			buildSettings = {
				ASSETCATALOG_COMPILER_APPICON_NAME = AppIcon;
				ASSETCATALOG_COMPILER_GLOBAL_ACCENT_COLOR_NAME = AccentColor;
				CODE_SIGN_STYLE = Automatic;
				CURRENT_PROJECT_VERSION = 1;
				DEVELOPMENT_TEAM = 367WY2VQ82;
				GENERATE_INFOPLIST_FILE = YES;
				INFOPLIST_FILE = IsVisible/Info.plist;
				INFOPLIST_KEY_UIApplicationSupportsIndirectInputEvents = YES;
				INFOPLIST_KEY_UILaunchStoryboardName = LaunchScreen;
				INFOPLIST_KEY_UISupportedInterfaceOrientations_iPad = "UIInterfaceOrientationPortrait UIInterfaceOrientationPortraitUpsideDown UIInterfaceOrientationLandscapeLeft UIInterfaceOrientationLandscapeRight";
				INFOPLIST_KEY_UISupportedInterfaceOrientations_iPhone = "UIInterfaceOrientationPortrait UIInterfaceOrientationLandscapeLeft UIInterfaceOrientationLandscapeRight";
				LD_RUNPATH_SEARCH_PATHS = (
					"$(inherited)",
					"@executable_path/Frameworks",
				);
				MARKETING_VERSION = 1.0;
				PRODUCT_BUNDLE_IDENTIFIER = pavellaukhin.IsVisible;
				PRODUCT_NAME = "$(TARGET_NAME)";
				SWIFT_EMIT_LOC_STRINGS = YES;
				SWIFT_VERSION = 5.0;
				TARGETED_DEVICE_FAMILY = "1,2";
			};
			name = Release;
		};
/* End XCBuildConfiguration section */

/* Begin XCConfigurationList section */
		1364BB59298128ED00B651DF /* Build configuration list for PBXProject "IsVisible" */ = {
			isa = XCConfigurationList;
			buildConfigurations = (
				1364BB70298128EF00B651DF /* Debug */,
				1364BB71298128EF00B651DF /* Release */,
			);
			defaultConfigurationIsVisible = 0;
			defaultConfigurationName = Release;
		};
		1364BB72298128EF00B651DF /* Build configuration list for PBXNativeTarget "IsVisible" */ = {
			isa = XCConfigurationList;
			buildConfigurations = (
				1364BB73298128EF00B651DF /* Debug */,
				1364BB74298128EF00B651DF /* Release */,
			);
			defaultConfigurationIsVisible = 0;
			defaultConfigurationName = Release;
		};
/* End XCConfigurationList section */
	};
	rootObject = 1364BB56298128ED00B651DF /* Project object */;
}
